// !$*UTF8*$!
{
	archiveVersion = 1;
	classes = {
	};
	objectVersion = 56;
	objects = {

/* Begin PBXBuildFile section */
		653BCAB02960EF7A00CFDA7F /* ScannerView.swift in Sources */ = {isa = PBXBuildFile; fileRef = 653BCAAF2960EF7A00CFDA7F /* ScannerView.swift */; };
		653BCAB229612D9100CFDA7F /* Alerts.swift in Sources */ = {isa = PBXBuildFile; fileRef = 653BCAB129612D9100CFDA7F /* Alerts.swift */; };
		653BCAB429612E4C00CFDA7F /* BarcodeScannerViewModel.swift in Sources */ = {isa = PBXBuildFile; fileRef = 653BCAB329612E4C00CFDA7F /* BarcodeScannerViewModel.swift */; };
		65D9DCD3295D412300FCFB49 /* BarcodeScannerApp.swift in Sources */ = {isa = PBXBuildFile; fileRef = 65D9DCD2295D412300FCFB49 /* BarcodeScannerApp.swift */; };
		65D9DCD5295D412300FCFB49 /* BarcodeScannerView.swift in Sources */ = {isa = PBXBuildFile; fileRef = 65D9DCD4295D412300FCFB49 /* BarcodeScannerView.swift */; };
		65D9DCD7295D412400FCFB49 /* Assets.xcassets in Resources */ = {isa = PBXBuildFile; fileRef = 65D9DCD6295D412400FCFB49 /* Assets.xcassets */; };
		65D9DCDA295D412400FCFB49 /* Preview Assets.xcassets in Resources */ = {isa = PBXBuildFile; fileRef = 65D9DCD9295D412400FCFB49 /* Preview Assets.xcassets */; };
		65D9DCE1295D492400FCFB49 /* ScannerVC.swift in Sources */ = {isa = PBXBuildFile; fileRef = 65D9DCE0295D492400FCFB49 /* ScannerVC.swift */; };
/* End PBXBuildFile section */

/* Begin PBXFileReference section */
		653BCAAF2960EF7A00CFDA7F /* ScannerView.swift */ = {isa = PBXFileReference; lastKnownFileType = sourcecode.swift; path = ScannerView.swift; sourceTree = "<group>"; };
		653BCAB129612D9100CFDA7F /* Alerts.swift */ = {isa = PBXFileReference; lastKnownFileType = sourcecode.swift; path = Alerts.swift; sourceTree = "<group>"; };
		653BCAB329612E4C00CFDA7F /* BarcodeScannerViewModel.swift */ = {isa = PBXFileReference; lastKnownFileType = sourcecode.swift; path = BarcodeScannerViewModel.swift; sourceTree = "<group>"; };
		65D9DCCF295D412300FCFB49 /* BarcodeScanner.app */ = {isa = PBXFileReference; explicitFileType = wrapper.application; includeInIndex = 0; path = BarcodeScanner.app; sourceTree = BUILT_PRODUCTS_DIR; };
		65D9DCD2295D412300FCFB49 /* BarcodeScannerApp.swift */ = {isa = PBXFileReference; lastKnownFileType = sourcecode.swift; path = BarcodeScannerApp.swift; sourceTree = "<group>"; };
		65D9DCD4295D412300FCFB49 /* BarcodeScannerView.swift */ = {isa = PBXFileReference; lastKnownFileType = sourcecode.swift; path = BarcodeScannerView.swift; sourceTree = "<group>"; };
		65D9DCD6295D412400FCFB49 /* Assets.xcassets */ = {isa = PBXFileReference; lastKnownFileType = folder.assetcatalog; path = Assets.xcassets; sourceTree = "<group>"; };
		65D9DCD9295D412400FCFB49 /* Preview Assets.xcassets */ = {isa = PBXFileReference; lastKnownFileType = folder.assetcatalog; path = "Preview Assets.xcassets"; sourceTree = "<group>"; };
		65D9DCE0295D492400FCFB49 /* ScannerVC.swift */ = {isa = PBXFileReference; lastKnownFileType = sourcecode.swift; path = ScannerVC.swift; sourceTree = "<group>"; };
/* End PBXFileReference section */

/* Begin PBXFrameworksBuildPhase section */
		65D9DCCC295D412300FCFB49 /* Frameworks */ = {
			isa = PBXFrameworksBuildPhase;
			buildActionMask = 2147483647;
			files = (
			);
			runOnlyForDeploymentPostprocessing = 0;
		};
/* End PBXFrameworksBuildPhase section */

/* Begin PBXGroup section */
		653BCAB5296133D500CFDA7F /* Screens */ = {
			isa = PBXGroup;
			children = (
				653BCAB6296133E200CFDA7F /* BarcodeScanner */,
			);
			path = Screens;
			sourceTree = "<group>";
		};
		653BCAB6296133E200CFDA7F /* BarcodeScanner */ = {
			isa = PBXGroup;
			children = (
				653BCAB329612E4C00CFDA7F /* BarcodeScannerViewModel.swift */,
				65D9DCD4295D412300FCFB49 /* BarcodeScannerView.swift */,
			);
			path = BarcodeScanner;
			sourceTree = "<group>";
		};
		653BCAB72961340800CFDA7F /* Views */ = {
			isa = PBXGroup;
			children = (
				653BCAB82961340D00CFDA7F /* UIKit Components */,
			);
			path = Views;
			sourceTree = "<group>";
		};
		653BCAB82961340D00CFDA7F /* UIKit Components */ = {
			isa = PBXGroup;
			children = (
				65D9DCE0295D492400FCFB49 /* ScannerVC.swift */,
				653BCAAF2960EF7A00CFDA7F /* ScannerView.swift */,
			);
			path = "UIKit Components";
			sourceTree = "<group>";
		};
		653BCAB92961343700CFDA7F /* Utilities */ = {
			isa = PBXGroup;
			children = (
				653BCAB129612D9100CFDA7F /* Alerts.swift */,
			);
			path = Utilities;
			sourceTree = "<group>";
		};
		65D9DCC6295D412300FCFB49 = {
			isa = PBXGroup;
			children = (
				65D9DCD1295D412300FCFB49 /* BarcodeScanner */,
				65D9DCD0295D412300FCFB49 /* Products */,
			);
			sourceTree = "<group>";
		};
		65D9DCD0295D412300FCFB49 /* Products */ = {
			isa = PBXGroup;
			children = (
				65D9DCCF295D412300FCFB49 /* BarcodeScanner.app */,
			);
			name = Products;
			sourceTree = "<group>";
		};
		65D9DCD1295D412300FCFB49 /* BarcodeScanner */ = {
			isa = PBXGroup;
			children = (
				653BCAB92961343700CFDA7F /* Utilities */,
				653BCAB72961340800CFDA7F /* Views */,
				653BCAB5296133D500CFDA7F /* Screens */,
				65D9DCD2295D412300FCFB49 /* BarcodeScannerApp.swift */,
				65D9DCD6295D412400FCFB49 /* Assets.xcassets */,
				65D9DCD8295D412400FCFB49 /* Preview Content */,
			);
			path = BarcodeScanner;
			sourceTree = "<group>";
		};
		65D9DCD8295D412400FCFB49 /* Preview Content */ = {
			isa = PBXGroup;
			children = (
				65D9DCD9295D412400FCFB49 /* Preview Assets.xcassets */,
			);
			path = "Preview Content";
			sourceTree = "<group>";
		};
/* End PBXGroup section */

/* Begin PBXNativeTarget section */
		65D9DCCE295D412300FCFB49 /* BarcodeScanner */ = {
			isa = PBXNativeTarget;
			buildConfigurationList = 65D9DCDD295D412400FCFB49 /* Build configuration list for PBXNativeTarget "BarcodeScanner" */;
			buildPhases = (
				65D9DCCB295D412300FCFB49 /* Sources */,
				65D9DCCC295D412300FCFB49 /* Frameworks */,
				65D9DCCD295D412300FCFB49 /* Resources */,
			);
			buildRules = (
			);
			dependencies = (
			);
			name = BarcodeScanner;
			productName = BarcodeScanner;
			productReference = 65D9DCCF295D412300FCFB49 /* BarcodeScanner.app */;
			productType = "com.apple.product-type.application";
		};
/* End PBXNativeTarget section */

/* Begin PBXProject section */
		65D9DCC7295D412300FCFB49 /* Project object */ = {
			isa = PBXProject;
			attributes = {
				BuildIndependentTargetsInParallel = 1;
				LastSwiftUpdateCheck = 1420;
				LastUpgradeCheck = 1420;
				TargetAttributes = {
					65D9DCCE295D412300FCFB49 = {
						CreatedOnToolsVersion = 14.2;
					};
				};
			};
			buildConfigurationList = 65D9DCCA295D412300FCFB49 /* Build configuration list for PBXProject "BarcodeScanner" */;
			compatibilityVersion = "Xcode 14.0";
			developmentRegion = en;
			hasScannedForEncodings = 0;
			knownRegions = (
				en,
				Base,
			);
			mainGroup = 65D9DCC6295D412300FCFB49;
			productRefGroup = 65D9DCD0295D412300FCFB49 /* Products */;
			projectDirPath = "";
			projectRoot = "";
			targets = (
				65D9DCCE295D412300FCFB49 /* BarcodeScanner */,
			);
		};
/* End PBXProject section */

/* Begin PBXResourcesBuildPhase section */
		65D9DCCD295D412300FCFB49 /* Resources */ = {
			isa = PBXResourcesBuildPhase;
			buildActionMask = 2147483647;
			files = (
				65D9DCDA295D412400FCFB49 /* Preview Assets.xcassets in Resources */,
				65D9DCD7295D412400FCFB49 /* Assets.xcassets in Resources */,
			);
			runOnlyForDeploymentPostprocessing = 0;
		};
/* End PBXResourcesBuildPhase section */

/* Begin PBXSourcesBuildPhase section */
		65D9DCCB295D412300FCFB49 /* Sources */ = {
			isa = PBXSourcesBuildPhase;
			buildActionMask = 2147483647;
			files = (
				653BCAB429612E4C00CFDA7F /* BarcodeScannerViewModel.swift in Sources */,
				65D9DCE1295D492400FCFB49 /* ScannerVC.swift in Sources */,
				653BCAB229612D9100CFDA7F /* Alerts.swift in Sources */,
				653BCAB02960EF7A00CFDA7F /* ScannerView.swift in Sources */,
				65D9DCD5295D412300FCFB49 /* BarcodeScannerView.swift in Sources */,
				65D9DCD3295D412300FCFB49 /* BarcodeScannerApp.swift in Sources */,
			);
			runOnlyForDeploymentPostprocessing = 0;
		};
/* End PBXSourcesBuildPhase section */

/* Begin XCBuildConfiguration section */
		65D9DCDB295D412400FCFB49 /* Debug */ = {
			isa = XCBuildConfiguration;
			buildSettings = {
				ALWAYS_SEARCH_USER_PATHS = NO;
				CLANG_ANALYZER_NONNULL = YES;
				CLANG_ANALYZER_NUMBER_OBJECT_CONVERSION = YES_AGGRESSIVE;
				CLANG_CXX_LANGUAGE_STANDARD = "gnu++20";
				CLANG_ENABLE_MODULES = YES;
				CLANG_ENABLE_OBJC_ARC = YES;
				CLANG_ENABLE_OBJC_WEAK = YES;
				CLANG_WARN_BLOCK_CAPTURE_AUTORELEASING = YES;
				CLANG_WARN_BOOL_CONVERSION = YES;
				CLANG_WARN_COMMA = YES;
				CLANG_WARN_CONSTANT_CONVERSION = YES;
				CLANG_WARN_DEPRECATED_OBJC_IMPLEMENTATIONS = YES;
				CLANG_WARN_DIRECT_OBJC_ISA_USAGE = YES_ERROR;
				CLANG_WARN_DOCUMENTATION_COMMENTS = YES;
				CLANG_WARN_EMPTY_BODY = YES;
				CLANG_WARN_ENUM_CONVERSION = YES;
				CLANG_WARN_INFINITE_RECURSION = YES;
				CLANG_WARN_INT_CONVERSION = YES;
				CLANG_WARN_NON_LITERAL_NULL_CONVERSION = YES;
				CLANG_WARN_OBJC_IMPLICIT_RETAIN_SELF = YES;
				CLANG_WARN_OBJC_LITERAL_CONVERSION = YES;
				CLANG_WARN_OBJC_ROOT_CLASS = YES_ERROR;
				CLANG_WARN_QUOTED_INCLUDE_IN_FRAMEWORK_HEADER = YES;
				CLANG_WARN_RANGE_LOOP_ANALYSIS = YES;
				CLANG_WARN_STRICT_PROTOTYPES = YES;
				CLANG_WARN_SUSPICIOUS_MOVE = YES;
				CLANG_WARN_UNGUARDED_AVAILABILITY = YES_AGGRESSIVE;
				CLANG_WARN_UNREACHABLE_CODE = YES;
				CLANG_WARN__DUPLICATE_METHOD_MATCH = YES;
				COPY_PHASE_STRIP = NO;
				DEBUG_INFORMATION_FORMAT = dwarf;
				ENABLE_STRICT_OBJC_MSGSEND = YES;
				ENABLE_TESTABILITY = YES;
				GCC_C_LANGUAGE_STANDARD = gnu11;
				GCC_DYNAMIC_NO_PIC = NO;
				GCC_NO_COMMON_BLOCKS = YES;
				GCC_OPTIMIZATION_LEVEL = 0;
				GCC_PREPROCESSOR_DEFINITIONS = (
					"DEBUG=1",
					"$(inherited)",
				);
				GCC_WARN_64_TO_32_BIT_CONVERSION = YES;
				GCC_WARN_ABOUT_RETURN_TYPE = YES_ERROR;
				GCC_WARN_UNDECLARED_SELECTOR = YES;
				GCC_WARN_UNINITIALIZED_AUTOS = YES_AGGRESSIVE;
				GCC_WARN_UNUSED_FUNCTION = YES;
				GCC_WARN_UNUSED_VARIABLE = YES;
				IPHONEOS_DEPLOYMENT_TARGET = 16.2;
				MTL_ENABLE_DEBUG_INFO = INCLUDE_SOURCE;
				MTL_FAST_MATH = YES;
				ONLY_ACTIVE_ARCH = YES;
				SDKROOT = iphoneos;
				SWIFT_ACTIVE_COMPILATION_CONDITIONS = DEBUG;
				SWIFT_OPTIMIZATION_LEVEL = "-Onone";
			};
			name = Debug;
		};
		65D9DCDC295D412400FCFB49 /* Release */ = {
			isa = XCBuildConfiguration;
			buildSettings = {
				ALWAYS_SEARCH_USER_PATHS = NO;
				CLANG_ANALYZER_NONNULL = YES;
				CLANG_ANALYZER_NUMBER_OBJECT_CONVERSION = YES_AGGRESSIVE;
				CLANG_CXX_LANGUAGE_STANDARD = "gnu++20";
				CLANG_ENABLE_MODULES = YES;
				CLANG_ENABLE_OBJC_ARC = YES;
				CLANG_ENABLE_OBJC_WEAK = YES;
				CLANG_WARN_BLOCK_CAPTURE_AUTORELEASING = YES;
				CLANG_WARN_BOOL_CONVERSION = YES;
				CLANG_WARN_COMMA = YES;
				CLANG_WARN_CONSTANT_CONVERSION = YES;
				CLANG_WARN_DEPRECATED_OBJC_IMPLEMENTATIONS = YES;
				CLANG_WARN_DIRECT_OBJC_ISA_USAGE = YES_ERROR;
				CLANG_WARN_DOCUMENTATION_COMMENTS = YES;
				CLANG_WARN_EMPTY_BODY = YES;
				CLANG_WARN_ENUM_CONVERSION = YES;
				CLANG_WARN_INFINITE_RECURSION = YES;
				CLANG_WARN_INT_CONVERSION = YES;
				CLANG_WARN_NON_LITERAL_NULL_CONVERSION = YES;
				CLANG_WARN_OBJC_IMPLICIT_RETAIN_SELF = YES;
				CLANG_WARN_OBJC_LITERAL_CONVERSION = YES;
				CLANG_WARN_OBJC_ROOT_CLASS = YES_ERROR;
				CLANG_WARN_QUOTED_INCLUDE_IN_FRAMEWORK_HEADER = YES;
				CLANG_WARN_RANGE_LOOP_ANALYSIS = YES;
				CLANG_WARN_STRICT_PROTOTYPES = YES;
				CLANG_WARN_SUSPICIOUS_MOVE = YES;
				CLANG_WARN_UNGUARDED_AVAILABILITY = YES_AGGRESSIVE;
				CLANG_WARN_UNREACHABLE_CODE = YES;
				CLANG_WARN__DUPLICATE_METHOD_MATCH = YES;
				COPY_PHASE_STRIP = NO;
				DEBUG_INFORMATION_FORMAT = "dwarf-with-dsym";
				ENABLE_NS_ASSERTIONS = NO;
				ENABLE_STRICT_OBJC_MSGSEND = YES;
				GCC_C_LANGUAGE_STANDARD = gnu11;
				GCC_NO_COMMON_BLOCKS = YES;
				GCC_WARN_64_TO_32_BIT_CONVERSION = YES;
				GCC_WARN_ABOUT_RETURN_TYPE = YES_ERROR;
				GCC_WARN_UNDECLARED_SELECTOR = YES;
				GCC_WARN_UNINITIALIZED_AUTOS = YES_AGGRESSIVE;
				GCC_WARN_UNUSED_FUNCTION = YES;
				GCC_WARN_UNUSED_VARIABLE = YES;
				IPHONEOS_DEPLOYMENT_TARGET = 16.2;
				MTL_ENABLE_DEBUG_INFO = NO;
				MTL_FAST_MATH = YES;
				SDKROOT = iphoneos;
				SWIFT_COMPILATION_MODE = wholemodule;
				SWIFT_OPTIMIZATION_LEVEL = "-O";
				VALIDATE_PRODUCT = YES;
			};
			name = Release;
		};
		65D9DCDE295D412400FCFB49 /* Debug */ = {
			isa = XCBuildConfiguration;
			buildSettings = {
				ASSETCATALOG_COMPILER_APPICON_NAME = AppIcon;
				ASSETCATALOG_COMPILER_GLOBAL_ACCENT_COLOR_NAME = AccentColor;
				CODE_SIGN_STYLE = Automatic;
				CURRENT_PROJECT_VERSION = 1;
				DEVELOPMENT_ASSET_PATHS = "\"BarcodeScanner/Preview Content\"";
				DEVELOPMENT_TEAM = 7LAL44LT2V;
				ENABLE_PREVIEWS = YES;
				GENERATE_INFOPLIST_FILE = YES;
				INFOPLIST_KEY_LSApplicationCategoryType = "";
				INFOPLIST_KEY_NSCameraUsageDescription = "$(PRODUCT_NAME) needs camera access to scan barcodes.";
				INFOPLIST_KEY_UIApplicationSceneManifest_Generation = YES;
				INFOPLIST_KEY_UIApplicationSupportsIndirectInputEvents = YES;
				INFOPLIST_KEY_UILaunchScreen_Generation = YES;
				INFOPLIST_KEY_UISupportedInterfaceOrientations_iPad = "UIInterfaceOrientationPortrait UIInterfaceOrientationPortraitUpsideDown UIInterfaceOrientationLandscapeLeft UIInterfaceOrientationLandscapeRight";
				INFOPLIST_KEY_UISupportedInterfaceOrientations_iPhone = "UIInterfaceOrientationPortrait UIInterfaceOrientationLandscapeLeft UIInterfaceOrientationLandscapeRight";
				LD_RUNPATH_SEARCH_PATHS = (
					"$(inherited)",
					"@executable_path/Frameworks",
				);
				MARKETING_VERSION = 1.0;
				PRODUCT_BUNDLE_IDENTIFIER = Research.BarcodeScanner;
				PRODUCT_NAME = "$(TARGET_NAME)";
				SWIFT_EMIT_LOC_STRINGS = YES;
				SWIFT_VERSION = 5.0;
				TARGETED_DEVICE_FAMILY = "1,2";
			};
			name = Debug;
		};
		65D9DCDF295D412400FCFB49 /* Release */ = {
			isa = XCBuildConfiguration;
			buildSettings = {
				ASSETCATALOG_COMPILER_APPICON_NAME = AppIcon;
				ASSETCATALOG_COMPILER_GLOBAL_ACCENT_COLOR_NAME = AccentColor;
				CODE_SIGN_STYLE = Automatic;
				CURRENT_PROJECT_VERSION = 1;
				DEVELOPMENT_ASSET_PATHS = "\"BarcodeScanner/Preview Content\"";
				DEVELOPMENT_TEAM = 7LAL44LT2V;
				ENABLE_PREVIEWS = YES;
				GENERATE_INFOPLIST_FILE = YES;
				INFOPLIST_KEY_LSApplicationCategoryType = "";
				INFOPLIST_KEY_NSCameraUsageDescription = "$(PRODUCT_NAME) needs camera access to scan barcodes.";
				INFOPLIST_KEY_UIApplicationSceneManifest_Generation = YES;
				INFOPLIST_KEY_UIApplicationSupportsIndirectInputEvents = YES;
				INFOPLIST_KEY_UILaunchScreen_Generation = YES;
				INFOPLIST_KEY_UISupportedInterfaceOrientations_iPad = "UIInterfaceOrientationPortrait UIInterfaceOrientationPortraitUpsideDown UIInterfaceOrientationLandscapeLeft UIInterfaceOrientationLandscapeRight";
				INFOPLIST_KEY_UISupportedInterfaceOrientations_iPhone = "UIInterfaceOrientationPortrait UIInterfaceOrientationLandscapeLeft UIInterfaceOrientationLandscapeRight";
				LD_RUNPATH_SEARCH_PATHS = (
					"$(inherited)",
					"@executable_path/Frameworks",
				);
				MARKETING_VERSION = 1.0;
				PRODUCT_BUNDLE_IDENTIFIER = Research.BarcodeScanner;
				PRODUCT_NAME = "$(TARGET_NAME)";
				SWIFT_EMIT_LOC_STRINGS = YES;
				SWIFT_VERSION = 5.0;
				TARGETED_DEVICE_FAMILY = "1,2";
			};
			name = Release;
		};
/* End XCBuildConfiguration section */

/* Begin XCConfigurationList section */
		65D9DCCA295D412300FCFB49 /* Build configuration list for PBXProject "BarcodeScanner" */ = {
			isa = XCConfigurationList;
			buildConfigurations = (
				65D9DCDB295D412400FCFB49 /* Debug */,
				65D9DCDC295D412400FCFB49 /* Release */,
			);
			defaultConfigurationIsVisible = 0;
			defaultConfigurationName = Release;
		};
		65D9DCDD295D412400FCFB49 /* Build configuration list for PBXNativeTarget "BarcodeScanner" */ = {
			isa = XCConfigurationList;
			buildConfigurations = (
				65D9DCDE295D412400FCFB49 /* Debug */,
				65D9DCDF295D412400FCFB49 /* Release */,
			);
			defaultConfigurationIsVisible = 0;
			defaultConfigurationName = Release;
		};
/* End XCConfigurationList section */
	};
	rootObject = 65D9DCC7295D412300FCFB49 /* Project object */;
}
